
Microsoft Visual Studio Solution File, Format Version 12.00
# Visual Studio 15
VisualStudioVersion = 15.0.28307.539
MinimumVisualStudioVersion = 10.0.40219.1
Project("{FAE04EC0-301F-11D3-BF4B-00C04F79EFBC}") = "UserAuthentication.Android", "UserAuthentication\UserAuthentication.Android\UserAuthentication.Android.csproj", "{754692AB-4EB9-457D-9B3A-FEB01ECC8339}"
EndProject
Project("{FAE04EC0-301F-11D3-BF4B-00C04F79EFBC}") = "UserAuthentication.iOS", "UserAuthentication\UserAuthentication.iOS\UserAuthentication.iOS.csproj", "{504D8540-6BA8-49CC-812F-542D0C9362A7}"
EndProject
Project("{FAE04EC0-301F-11D3-BF4B-00C04F79EFBC}") = "UserAuthentication", "UserAuthentication\UserAuthentication\UserAuthentication.csproj", "{22455D3E-8486-4ADA-BBB2-E3F69CEB654D}"
EndProject
Global
	GlobalSection(SolutionConfigurationPlatforms) = preSolution
		Ad-Hoc|Any CPU = Ad-Hoc|Any CPU
		Ad-Hoc|iPhone = Ad-Hoc|iPhone
		Ad-Hoc|iPhoneSimulator = Ad-Hoc|iPhoneSimulator
		AppStore|Any CPU = AppStore|Any CPU
		AppStore|iPhone = AppStore|iPhone
		AppStore|iPhoneSimulator = AppStore|iPhoneSimulator
		Debug|Any CPU = Debug|Any CPU
		Debug|iPhone = Debug|iPhone
		Debug|iPhoneSimulator = Debug|iPhoneSimulator
		Release|Any CPU = Release|Any CPU
		Release|iPhone = Release|iPhone
		Release|iPhoneSimulator = Release|iPhoneSimulator
	EndGlobalSection
	GlobalSection(ProjectConfigurationPlatforms) = postSolution
		{754692AB-4EB9-457D-9B3A-FEB01ECC8339}.Ad-Hoc|Any CPU.ActiveCfg = Release|Any CPU
		{754692AB-4EB9-457D-9B3A-FEB01ECC8339}.Ad-Hoc|Any CPU.Build.0 = Release|Any CPU
		{754692AB-4EB9-457D-9B3A-FEB01ECC8339}.Ad-Hoc|Any CPU.Deploy.0 = Release|Any CPU
		{754692AB-4EB9-457D-9B3A-FEB01ECC8339}.Ad-Hoc|iPhone.ActiveCfg = Release|Any CPU
		{754692AB-4EB9-457D-9B3A-FEB01ECC8339}.Ad-Hoc|iPhone.Build.0 = Release|Any CPU
		{754692AB-4EB9-457D-9B3A-FEB01ECC8339}.Ad-Hoc|iPhone.Deploy.0 = Release|Any CPU
		{754692AB-4EB9-457D-9B3A-FEB01ECC8339}.Ad-Hoc|iPhoneSimulator.ActiveCfg = Release|Any CPU
		{754692AB-4EB9-457D-9B3A-FEB01ECC8339}.Ad-Hoc|iPhoneSimulator.Build.0 = Release|Any CPU
		{754692AB-4EB9-457D-9B3A-FEB01ECC8339}.Ad-Hoc|iPhoneSimulator.Deploy.0 = Release|Any CPU
		{754692AB-4EB9-457D-9B3A-FEB01ECC8339}.AppStore|Any CPU.ActiveCfg = Release|Any CPU
		{754692AB-4EB9-457D-9B3A-FEB01ECC8339}.AppStore|Any CPU.Build.0 = Release|Any CPU
		{754692AB-4EB9-457D-9B3A-FEB01ECC8339}.AppStore|Any CPU.Deploy.0 = Release|Any CPU
		{754692AB-4EB9-457D-9B3A-FEB01ECC8339}.AppStore|iPhone.ActiveCfg = Release|Any CPU
		{754692AB-4EB9-457D-9B3A-FEB01ECC8339}.AppStore|iPhone.Build.0 = Release|Any CPU
		{754692AB-4EB9-457D-9B3A-FEB01ECC8339}.AppStore|iPhone.Deploy.0 = Release|Any CPU
		{754692AB-4EB9-457D-9B3A-FEB01ECC8339}.AppStore|iPhoneSimulator.ActiveCfg = Release|Any CPU
		{754692AB-4EB9-457D-9B3A-FEB01ECC8339}.AppStore|iPhoneSimulator.Build.0 = Release|Any CPU
		{754692AB-4EB9-457D-9B3A-FEB01ECC8339}.AppStore|iPhoneSimulator.Deploy.0 = Release|Any CPU
		{754692AB-4EB9-457D-9B3A-FEB01ECC8339}.Debug|Any CPU.ActiveCfg = Debug|Any CPU
		{754692AB-4EB9-457D-9B3A-FEB01ECC8339}.Debug|Any CPU.Build.0 = Debug|Any CPU
		{754692AB-4EB9-457D-9B3A-FEB01ECC8339}.Debug|Any CPU.Deploy.0 = Debug|Any CPU
		{754692AB-4EB9-457D-9B3A-FEB01ECC8339}.Debug|iPhone.ActiveCfg = Debug|Any CPU
		{754692AB-4EB9-457D-9B3A-FEB01ECC8339}.Debug|iPhone.Build.0 = Debug|Any CPU
		{754692AB-4EB9-457D-9B3A-FEB01ECC8339}.Debug|iPhone.Deploy.0 = Debug|Any CPU
		{754692AB-4EB9-457D-9B3A-FEB01ECC8339}.Debug|iPhoneSimulator.ActiveCfg = Debug|Any CPU
		{754692AB-4EB9-457D-9B3A-FEB01ECC8339}.Debug|iPhoneSimulator.Build.0 = Debug|Any CPU
		{754692AB-4EB9-457D-9B3A-FEB01ECC8339}.Debug|iPhoneSimulator.Deploy.0 = Debug|Any CPU
		{754692AB-4EB9-457D-9B3A-FEB01ECC8339}.Release|Any CPU.ActiveCfg = Release|Any CPU
		{754692AB-4EB9-457D-9B3A-FEB01ECC8339}.Release|Any CPU.Build.0 = Release|Any CPU
		{754692AB-4EB9-457D-9B3A-FEB01ECC8339}.Release|Any CPU.Deploy.0 = Release|Any CPU
		{754692AB-4EB9-457D-9B3A-FEB01ECC8339}.Release|iPhone.ActiveCfg = Release|Any CPU
		{754692AB-4EB9-457D-9B3A-FEB01ECC8339}.Release|iPhone.Build.0 = Release|Any CPU
		{754692AB-4EB9-457D-9B3A-FEB01ECC8339}.Release|iPhone.Deploy.0 = Release|Any CPU
		{754692AB-4EB9-457D-9B3A-FEB01ECC8339}.Release|iPhoneSimulator.ActiveCfg = Release|Any CPU
		{754692AB-4EB9-457D-9B3A-FEB01ECC8339}.Release|iPhoneSimulator.Build.0 = Release|Any CPU
		{754692AB-4EB9-457D-9B3A-FEB01ECC8339}.Release|iPhoneSimulator.Deploy.0 = Release|Any CPU
		{504D8540-6BA8-49CC-812F-542D0C9362A7}.Ad-Hoc|Any CPU.ActiveCfg = Ad-Hoc|iPhone
		{504D8540-6BA8-49CC-812F-542D0C9362A7}.Ad-Hoc|Any CPU.Build.0 = Ad-Hoc|iPhone
		{504D8540-6BA8-49CC-812F-542D0C9362A7}.Ad-Hoc|Any CPU.Deploy.0 = Ad-Hoc|iPhone
		{504D8540-6BA8-49CC-812F-542D0C9362A7}.Ad-Hoc|iPhone.ActiveCfg = Ad-Hoc|iPhone
		{504D8540-6BA8-49CC-812F-542D0C9362A7}.Ad-Hoc|iPhone.Build.0 = Ad-Hoc|iPhone
		{504D8540-6BA8-49CC-812F-542D0C9362A7}.Ad-Hoc|iPhone.Deploy.0 = Ad-Hoc|iPhone
		{504D8540-6BA8-49CC-812F-542D0C9362A7}.Ad-Hoc|iPhoneSimulator.ActiveCfg = Ad-Hoc|iPhoneSimulator
		{504D8540-6BA8-49CC-812F-542D0C9362A7}.Ad-Hoc|iPhoneSimulator.Build.0 = Ad-Hoc|iPhoneSimulator
		{504D8540-6BA8-49CC-812F-542D0C9362A7}.Ad-Hoc|iPhoneSimulator.Deploy.0 = Ad-Hoc|iPhoneSimulator
		{504D8540-6BA8-49CC-812F-542D0C9362A7}.AppStore|Any CPU.ActiveCfg = AppStore|iPhone
		{504D8540-6BA8-49CC-812F-542D0C9362A7}.AppStore|Any CPU.Build.0 = AppStore|iPhone
		{504D8540-6BA8-49CC-812F-542D0C9362A7}.AppStore|Any CPU.Deploy.0 = AppStore|iPhone
		{504D8540-6BA8-49CC-812F-542D0C9362A7}.AppStore|iPhone.ActiveCfg = AppStore|iPhone
		{504D8540-6BA8-49CC-812F-542D0C9362A7}.AppStore|iPhone.Build.0 = AppStore|iPhone
		{504D8540-6BA8-49CC-812F-542D0C9362A7}.AppStore|iPhone.Deploy.0 = AppStore|iPhone
		{504D8540-6BA8-49CC-812F-542D0C9362A7}.AppStore|iPhoneSimulator.ActiveCfg = AppStore|iPhoneSimulator
		{504D8540-6BA8-49CC-812F-542D0C9362A7}.AppStore|iPhoneSimulator.Build.0 = AppStore|iPhoneSimulator
		{504D8540-6BA8-49CC-812F-542D0C9362A7}.AppStore|iPhoneSimulator.Deploy.0 = AppStore|iPhoneSimulator
		{504D8540-6BA8-49CC-812F-542D0C9362A7}.Debug|Any CPU.ActiveCfg = Debug|iPhoneSimulator
		{504D8540-6BA8-49CC-812F-542D0C9362A7}.Debug|Any CPU.Build.0 = Debug|iPhoneSimulator
		{504D8540-6BA8-49CC-812F-542D0C9362A7}.Debug|Any CPU.Deploy.0 = Debug|iPhoneSimulator
		{504D8540-6BA8-49CC-812F-542D0C9362A7}.Debug|iPhone.ActiveCfg = Debug|iPhone
		{504D8540-6BA8-49CC-812F-542D0C9362A7}.Debug|iPhone.Build.0 = Debug|iPhone
		{504D8540-6BA8-49CC-812F-542D0C9362A7}.Debug|iPhone.Deploy.0 = Debug|iPhone
		{504D8540-6BA8-49CC-812F-542D0C9362A7}.Debug|iPhoneSimulator.ActiveCfg = Debug|iPhoneSimulator
		{504D8540-6BA8-49CC-812F-542D0C9362A7}.Debug|iPhoneSimulator.Build.0 = Debug|iPhoneSimulator
		{504D8540-6BA8-49CC-812F-542D0C9362A7}.Debug|iPhoneSimulator.Deploy.0 = Debug|iPhoneSimulator
		{504D8540-6BA8-49CC-812F-542D0C9362A7}.Release|Any CPU.ActiveCfg = Release|iPhone
		{504D8540-6BA8-49CC-812F-542D0C9362A7}.Release|Any CPU.Build.0 = Release|iPhone
		{504D8540-6BA8-49CC-812F-542D0C9362A7}.Release|Any CPU.Deploy.0 = Release|iPhone
		{504D8540-6BA8-49CC-812F-542D0C9362A7}.Release|iPhone.ActiveCfg = Release|iPhone
		{504D8540-6BA8-49CC-812F-542D0C9362A7}.Release|iPhone.Build.0 = Release|iPhone
		{504D8540-6BA8-49CC-812F-542D0C9362A7}.Release|iPhone.Deploy.0 = Release|iPhone
		{504D8540-6BA8-49CC-812F-542D0C9362A7}.Release|iPhoneSimulator.ActiveCfg = Release|iPhoneSimulator
		{504D8540-6BA8-49CC-812F-542D0C9362A7}.Release|iPhoneSimulator.Build.0 = Release|iPhoneSimulator
		{504D8540-6BA8-49CC-812F-542D0C9362A7}.Release|iPhoneSimulator.Deploy.0 = Release|iPhoneSimulator
		{22455D3E-8486-4ADA-BBB2-E3F69CEB654D}.Ad-Hoc|Any CPU.ActiveCfg = Debug|Any CPU
		{22455D3E-8486-4ADA-BBB2-E3F69CEB654D}.Ad-Hoc|Any CPU.Build.0 = Debug|Any CPU
		{22455D3E-8486-4ADA-BBB2-E3F69CEB654D}.Ad-Hoc|Any CPU.Deploy.0 = Debug|Any CPU
		{22455D3E-8486-4ADA-BBB2-E3F69CEB654D}.Ad-Hoc|iPhone.ActiveCfg = Debug|Any CPU
		{22455D3E-8486-4ADA-BBB2-E3F69CEB654D}.Ad-Hoc|iPhone.Build.0 = Debug|Any CPU
		{22455D3E-8486-4ADA-BBB2-E3F69CEB654D}.Ad-Hoc|iPhone.Deploy.0 = Debug|Any CPU
		{22455D3E-8486-4ADA-BBB2-E3F69CEB654D}.Ad-Hoc|iPhoneSimulator.ActiveCfg = Debug|Any CPU
		{22455D3E-8486-4ADA-BBB2-E3F69CEB654D}.Ad-Hoc|iPhoneSimulator.Build.0 = Debug|Any CPU
		{22455D3E-8486-4ADA-BBB2-E3F69CEB654D}.Ad-Hoc|iPhoneSimulator.Deploy.0 = Debug|Any CPU
		{22455D3E-8486-4ADA-BBB2-E3F69CEB654D}.AppStore|Any CPU.ActiveCfg = Debug|Any CPU
		{22455D3E-8486-4ADA-BBB2-E3F69CEB654D}.AppStore|Any CPU.Build.0 = Debug|Any CPU
		{22455D3E-8486-4ADA-BBB2-E3F69CEB654D}.AppStore|Any CPU.Deploy.0 = Debug|Any CPU
		{22455D3E-8486-4ADA-BBB2-E3F69CEB654D}.AppStore|iPhone.ActiveCfg = Debug|Any CPU
		{22455D3E-8486-4ADA-BBB2-E3F69CEB654D}.AppStore|iPhone.Build.0 = Debug|Any CPU
		{22455D3E-8486-4ADA-BBB2-E3F69CEB654D}.AppStore|iPhone.Deploy.0 = Debug|Any CPU
		{22455D3E-8486-4ADA-BBB2-E3F69CEB654D}.AppStore|iPhoneSimulator.ActiveCfg = Debug|Any CPU
		{22455D3E-8486-4ADA-BBB2-E3F69CEB654D}.AppStore|iPhoneSimulator.Build.0 = Debug|Any CPU
		{22455D3E-8486-4ADA-BBB2-E3F69CEB654D}.AppStore|iPhoneSimulator.Deploy.0 = Debug|Any CPU
		{22455D3E-8486-4ADA-BBB2-E3F69CEB654D}.Debug|Any CPU.ActiveCfg = Debug|Any CPU
		{22455D3E-8486-4ADA-BBB2-E3F69CEB654D}.Debug|Any CPU.Build.0 = Debug|Any CPU
		{22455D3E-8486-4ADA-BBB2-E3F69CEB654D}.Debug|Any CPU.Deploy.0 = Debug|Any CPU
		{22455D3E-8486-4ADA-BBB2-E3F69CEB654D}.Debug|iPhone.ActiveCfg = Debug|Any CPU
		{22455D3E-8486-4ADA-BBB2-E3F69CEB654D}.Debug|iPhone.Build.0 = Debug|Any CPU
		{22455D3E-8486-4ADA-BBB2-E3F69CEB654D}.Debug|iPhone.Deploy.0 = Debug|Any CPU
		{22455D3E-8486-4ADA-BBB2-E3F69CEB654D}.Debug|iPhoneSimulator.ActiveCfg = Debug|Any CPU
		{22455D3E-8486-4ADA-BBB2-E3F69CEB654D}.Debug|iPhoneSimulator.Build.0 = Debug|Any CPU
		{22455D3E-8486-4ADA-BBB2-E3F69CEB654D}.Debug|iPhoneSimulator.Deploy.0 = Debug|Any CPU
		{22455D3E-8486-4ADA-BBB2-E3F69CEB654D}.Release|Any CPU.ActiveCfg = Release|Any CPU
		{22455D3E-8486-4ADA-BBB2-E3F69CEB654D}.Release|Any CPU.Build.0 = Release|Any CPU
		{22455D3E-8486-4ADA-BBB2-E3F69CEB654D}.Release|Any CPU.Deploy.0 = Release|Any CPU
		{22455D3E-8486-4ADA-BBB2-E3F69CEB654D}.Release|iPhone.ActiveCfg = Release|Any CPU
		{22455D3E-8486-4ADA-BBB2-E3F69CEB654D}.Release|iPhone.Build.0 = Release|Any CPU
		{22455D3E-8486-4ADA-BBB2-E3F69CEB654D}.Release|iPhone.Deploy.0 = Release|Any CPU
		{22455D3E-8486-4ADA-BBB2-E3F69CEB654D}.Release|iPhoneSimulator.ActiveCfg = Release|Any CPU
		{22455D3E-8486-4ADA-BBB2-E3F69CEB654D}.Release|iPhoneSimulator.Build.0 = Release|Any CPU
		{22455D3E-8486-4ADA-BBB2-E3F69CEB654D}.Release|iPhoneSimulator.Deploy.0 = Release|Any CPU
	EndGlobalSection
	GlobalSection(SolutionProperties) = preSolution
		HideSolutionNode = FALSE
	EndGlobalSection
	GlobalSection(ExtensibilityGlobals) = postSolution
		SolutionGuid = {2CFBE22D-EFCF-4392-B97D-64B98AD2E0C1}
	EndGlobalSection
EndGlobal
